// !$*UTF8*$!
{
	archiveVersion = 1;
	classes = {
	};
	objectVersion = 55;
	objects = {

/* Begin PBXBuildFile section */
		96DDF7EA28A7C189002EE9E8 /* AppDelegate.swift in Sources */ = {isa = PBXBuildFile; fileRef = 96DDF7E928A7C189002EE9E8 /* AppDelegate.swift */; };
		96DDF7EC28A7C189002EE9E8 /* SceneDelegate.swift in Sources */ = {isa = PBXBuildFile; fileRef = 96DDF7EB28A7C189002EE9E8 /* SceneDelegate.swift */; };
		96DDF7EE28A7C18A002EE9E8 /* ViewController.swift in Sources */ = {isa = PBXBuildFile; fileRef = 96DDF7ED28A7C18A002EE9E8 /* ViewController.swift */; };
		96DDF7F128A7C18A002EE9E8 /* Main.storyboard in Resources */ = {isa = PBXBuildFile; fileRef = 96DDF7EF28A7C18A002EE9E8 /* Main.storyboard */; };
		96DDF7F328A7C18D002EE9E8 /* Assets.xcassets in Resources */ = {isa = PBXBuildFile; fileRef = 96DDF7F228A7C18D002EE9E8 /* Assets.xcassets */; };
		96DDF7F628A7C18D002EE9E8 /* LaunchScreen.storyboard in Resources */ = {isa = PBXBuildFile; fileRef = 96DDF7F428A7C18D002EE9E8 /* LaunchScreen.storyboard */; };
		96DDF80E28A7C219002EE9E8 /* bg_blue@2x.png in Resources */ = {isa = PBXBuildFile; fileRef = 96DDF7FF28A7C219002EE9E8 /* bg_blue@2x.png */; };
		96DDF80F28A7C219002EE9E8 /* bg_gold@2x.png in Resources */ = {isa = PBXBuildFile; fileRef = 96DDF80028A7C219002EE9E8 /* bg_gold@2x.png */; };
		96DDF81028A7C219002EE9E8 /* gacha@2x.png in Resources */ = {isa = PBXBuildFile; fileRef = 96DDF80128A7C219002EE9E8 /* gacha@2x.png */; };
		96DDF81128A7C219002EE9E8 /* bg_red@2x.png in Resources */ = {isa = PBXBuildFile; fileRef = 96DDF80228A7C219002EE9E8 /* bg_red@2x.png */; };
		96DDF81228A7C219002EE9E8 /* monster005.png in Resources */ = {isa = PBXBuildFile; fileRef = 96DDF80428A7C219002EE9E8 /* monster005.png */; };
		96DDF81328A7C219002EE9E8 /* monster010.png in Resources */ = {isa = PBXBuildFile; fileRef = 96DDF80528A7C219002EE9E8 /* monster010.png */; };
		96DDF81428A7C219002EE9E8 /* monster004.png in Resources */ = {isa = PBXBuildFile; fileRef = 96DDF80628A7C219002EE9E8 /* monster004.png */; };
		96DDF81528A7C219002EE9E8 /* monster006.png in Resources */ = {isa = PBXBuildFile; fileRef = 96DDF80728A7C219002EE9E8 /* monster006.png */; };
		96DDF81628A7C219002EE9E8 /* monster007.png in Resources */ = {isa = PBXBuildFile; fileRef = 96DDF80828A7C219002EE9E8 /* monster007.png */; };
		96DDF81728A7C219002EE9E8 /* monster003.png in Resources */ = {isa = PBXBuildFile; fileRef = 96DDF80928A7C219002EE9E8 /* monster003.png */; };
		96DDF81828A7C219002EE9E8 /* monster002.png in Resources */ = {isa = PBXBuildFile; fileRef = 96DDF80A28A7C219002EE9E8 /* monster002.png */; };
		96DDF81928A7C219002EE9E8 /* monster001.png in Resources */ = {isa = PBXBuildFile; fileRef = 96DDF80B28A7C219002EE9E8 /* monster001.png */; };
		96DDF81A28A7C219002EE9E8 /* monster009.png in Resources */ = {isa = PBXBuildFile; fileRef = 96DDF80C28A7C219002EE9E8 /* monster009.png */; };
		96DDF81B28A7C219002EE9E8 /* monster008.png in Resources */ = {isa = PBXBuildFile; fileRef = 96DDF80D28A7C219002EE9E8 /* monster008.png */; };
		96DDF81D28A7C485002EE9E8 /* ResultViewController.swift in Sources */ = {isa = PBXBuildFile; fileRef = 96DDF81C28A7C485002EE9E8 /* ResultViewController.swift */; };
/* End PBXBuildFile section */

/* Begin PBXFileReference section */
		96DDF7E628A7C189002EE9E8 /* Gacha.app */ = {isa = PBXFileReference; explicitFileType = wrapper.application; includeInIndex = 0; path = Gacha.app; sourceTree = BUILT_PRODUCTS_DIR; };
		96DDF7E928A7C189002EE9E8 /* AppDelegate.swift */ = {isa = PBXFileReference; lastKnownFileType = sourcecode.swift; path = AppDelegate.swift; sourceTree = "<group>"; };
		96DDF7EB28A7C189002EE9E8 /* SceneDelegate.swift */ = {isa = PBXFileReference; lastKnownFileType = sourcecode.swift; path = SceneDelegate.swift; sourceTree = "<group>"; };
		96DDF7ED28A7C18A002EE9E8 /* ViewController.swift */ = {isa = PBXFileReference; lastKnownFileType = sourcecode.swift; path = ViewController.swift; sourceTree = "<group>"; };
		96DDF7F028A7C18A002EE9E8 /* Base */ = {isa = PBXFileReference; lastKnownFileType = file.storyboard; name = Base; path = Base.lproj/Main.storyboard; sourceTree = "<group>"; };
		96DDF7F228A7C18D002EE9E8 /* Assets.xcassets */ = {isa = PBXFileReference; lastKnownFileType = folder.assetcatalog; path = Assets.xcassets; sourceTree = "<group>"; };
		96DDF7F528A7C18D002EE9E8 /* Base */ = {isa = PBXFileReference; lastKnownFileType = file.storyboard; name = Base; path = Base.lproj/LaunchScreen.storyboard; sourceTree = "<group>"; };
		96DDF7F728A7C18D002EE9E8 /* Info.plist */ = {isa = PBXFileReference; lastKnownFileType = text.plist.xml; path = Info.plist; sourceTree = "<group>"; };
		96DDF7FF28A7C219002EE9E8 /* bg_blue@2x.png */ = {isa = PBXFileReference; lastKnownFileType = image.png; path = "bg_blue@2x.png"; sourceTree = "<group>"; };
		96DDF80028A7C219002EE9E8 /* bg_gold@2x.png */ = {isa = PBXFileReference; lastKnownFileType = image.png; path = "bg_gold@2x.png"; sourceTree = "<group>"; };
		96DDF80128A7C219002EE9E8 /* gacha@2x.png */ = {isa = PBXFileReference; lastKnownFileType = image.png; path = "gacha@2x.png"; sourceTree = "<group>"; };
		96DDF80228A7C219002EE9E8 /* bg_red@2x.png */ = {isa = PBXFileReference; lastKnownFileType = image.png; path = "bg_red@2x.png"; sourceTree = "<group>"; };
		96DDF80428A7C219002EE9E8 /* monster005.png */ = {isa = PBXFileReference; lastKnownFileType = image.png; path = monster005.png; sourceTree = "<group>"; };
		96DDF80528A7C219002EE9E8 /* monster010.png */ = {isa = PBXFileReference; lastKnownFileType = image.png; path = monster010.png; sourceTree = "<group>"; };
		96DDF80628A7C219002EE9E8 /* monster004.png */ = {isa = PBXFileReference; lastKnownFileType = image.png; path = monster004.png; sourceTree = "<group>"; };
		96DDF80728A7C219002EE9E8 /* monster006.png */ = {isa = PBXFileReference; lastKnownFileType = image.png; path = monster006.png; sourceTree = "<group>"; };
		96DDF80828A7C219002EE9E8 /* monster007.png */ = {isa = PBXFileReference; lastKnownFileType = image.png; path = monster007.png; sourceTree = "<group>"; };
		96DDF80928A7C219002EE9E8 /* monster003.png */ = {isa = PBXFileReference; lastKnownFileType = image.png; path = monster003.png; sourceTree = "<group>"; };
		96DDF80A28A7C219002EE9E8 /* monster002.png */ = {isa = PBXFileReference; lastKnownFileType = image.png; path = monster002.png; sourceTree = "<group>"; };
		96DDF80B28A7C219002EE9E8 /* monster001.png */ = {isa = PBXFileReference; lastKnownFileType = image.png; path = monster001.png; sourceTree = "<group>"; };
		96DDF80C28A7C219002EE9E8 /* monster009.png */ = {isa = PBXFileReference; lastKnownFileType = image.png; path = monster009.png; sourceTree = "<group>"; };
		96DDF80D28A7C219002EE9E8 /* monster008.png */ = {isa = PBXFileReference; lastKnownFileType = image.png; path = monster008.png; sourceTree = "<group>"; };
		96DDF81C28A7C485002EE9E8 /* ResultViewController.swift */ = {isa = PBXFileReference; lastKnownFileType = sourcecode.swift; path = ResultViewController.swift; sourceTree = "<group>"; };
/* End PBXFileReference section */

/* Begin PBXFrameworksBuildPhase section */
		96DDF7E328A7C189002EE9E8 /* Frameworks */ = {
			isa = PBXFrameworksBuildPhase;
			buildActionMask = 2147483647;
			files = (
			);
			runOnlyForDeploymentPostprocessing = 0;
		};
/* End PBXFrameworksBuildPhase section */

/* Begin PBXGroup section */
		96DDF7DD28A7C189002EE9E8 = {
			isa = PBXGroup;
			children = (
				96DDF7E828A7C189002EE9E8 /* Gacha */,
				96DDF7E728A7C189002EE9E8 /* Products */,
			);
			sourceTree = "<group>";
		};
		96DDF7E728A7C189002EE9E8 /* Products */ = {
			isa = PBXGroup;
			children = (
				96DDF7E628A7C189002EE9E8 /* Gacha.app */,
			);
			name = Products;
			sourceTree = "<group>";
		};
		96DDF7E828A7C189002EE9E8 /* Gacha */ = {
			isa = PBXGroup;
			children = (
				96DDF7FD28A7C219002EE9E8 /* GachaResources */,
				96DDF7E928A7C189002EE9E8 /* AppDelegate.swift */,
				96DDF7EB28A7C189002EE9E8 /* SceneDelegate.swift */,
				96DDF7ED28A7C18A002EE9E8 /* ViewController.swift */,
				96DDF7EF28A7C18A002EE9E8 /* Main.storyboard */,
				96DDF7F228A7C18D002EE9E8 /* Assets.xcassets */,
				96DDF7F428A7C18D002EE9E8 /* LaunchScreen.storyboard */,
				96DDF7F728A7C18D002EE9E8 /* Info.plist */,
				96DDF81C28A7C485002EE9E8 /* ResultViewController.swift */,
			);
			path = Gacha;
			sourceTree = "<group>";
		};
		96DDF7FD28A7C219002EE9E8 /* GachaResources */ = {
			isa = PBXGroup;
			children = (
				96DDF7FE28A7C219002EE9E8 /* background */,
				96DDF80328A7C219002EE9E8 /* monster */,
			);
			path = GachaResources;
			sourceTree = "<group>";
		};
		96DDF7FE28A7C219002EE9E8 /* background */ = {
			isa = PBXGroup;
			children = (
				96DDF7FF28A7C219002EE9E8 /* bg_blue@2x.png */,
				96DDF80028A7C219002EE9E8 /* bg_gold@2x.png */,
				96DDF80128A7C219002EE9E8 /* gacha@2x.png */,
				96DDF80228A7C219002EE9E8 /* bg_red@2x.png */,
			);
			path = background;
			sourceTree = "<group>";
		};
		96DDF80328A7C219002EE9E8 /* monster */ = {
			isa = PBXGroup;
			children = (
				96DDF80428A7C219002EE9E8 /* monster005.png */,
				96DDF80528A7C219002EE9E8 /* monster010.png */,
				96DDF80628A7C219002EE9E8 /* monster004.png */,
				96DDF80728A7C219002EE9E8 /* monster006.png */,
				96DDF80828A7C219002EE9E8 /* monster007.png */,
				96DDF80928A7C219002EE9E8 /* monster003.png */,
				96DDF80A28A7C219002EE9E8 /* monster002.png */,
				96DDF80B28A7C219002EE9E8 /* monster001.png */,
				96DDF80C28A7C219002EE9E8 /* monster009.png */,
				96DDF80D28A7C219002EE9E8 /* monster008.png */,
			);
			path = monster;
			sourceTree = "<group>";
		};
/* End PBXGroup section */

/* Begin PBXNativeTarget section */
		96DDF7E528A7C189002EE9E8 /* Gacha */ = {
			isa = PBXNativeTarget;
			buildConfigurationList = 96DDF7FA28A7C18D002EE9E8 /* Build configuration list for PBXNativeTarget "Gacha" */;
			buildPhases = (
				96DDF7E228A7C189002EE9E8 /* Sources */,
				96DDF7E328A7C189002EE9E8 /* Frameworks */,
				96DDF7E428A7C189002EE9E8 /* Resources */,
			);
			buildRules = (
			);
			dependencies = (
			);
			name = Gacha;
			productName = Gacha;
			productReference = 96DDF7E628A7C189002EE9E8 /* Gacha.app */;
			productType = "com.apple.product-type.application";
		};
/* End PBXNativeTarget section */

/* Begin PBXProject section */
		96DDF7DE28A7C189002EE9E8 /* Project object */ = {
			isa = PBXProject;
			attributes = {
				BuildIndependentTargetsInParallel = 1;
				LastSwiftUpdateCheck = 1340;
				LastUpgradeCheck = 1340;
				TargetAttributes = {
					96DDF7E528A7C189002EE9E8 = {
						CreatedOnToolsVersion = 13.4.1;
					};
				};
			};
			buildConfigurationList = 96DDF7E128A7C189002EE9E8 /* Build configuration list for PBXProject "Gacha" */;
			compatibilityVersion = "Xcode 13.0";
			developmentRegion = en;
			hasScannedForEncodings = 0;
			knownRegions = (
				en,
				Base,
			);
			mainGroup = 96DDF7DD28A7C189002EE9E8;
			productRefGroup = 96DDF7E728A7C189002EE9E8 /* Products */;
			projectDirPath = "";
			projectRoot = "";
			targets = (
				96DDF7E528A7C189002EE9E8 /* Gacha */,
			);
		};
/* End PBXProject section */

/* Begin PBXResourcesBuildPhase section */
		96DDF7E428A7C189002EE9E8 /* Resources */ = {
			isa = PBXResourcesBuildPhase;
			buildActionMask = 2147483647;
			files = (
				96DDF81128A7C219002EE9E8 /* bg_red@2x.png in Resources */,
				96DDF7F628A7C18D002EE9E8 /* LaunchScreen.storyboard in Resources */,
				96DDF81A28A7C219002EE9E8 /* monster009.png in Resources */,
				96DDF80F28A7C219002EE9E8 /* bg_gold@2x.png in Resources */,
				96DDF81728A7C219002EE9E8 /* monster003.png in Resources */,
				96DDF81928A7C219002EE9E8 /* monster001.png in Resources */,
				96DDF81B28A7C219002EE9E8 /* monster008.png in Resources */,
				96DDF7F328A7C18D002EE9E8 /* Assets.xcassets in Resources */,
				96DDF81628A7C219002EE9E8 /* monster007.png in Resources */,
				96DDF81028A7C219002EE9E8 /* gacha@2x.png in Resources */,
				96DDF81828A7C219002EE9E8 /* monster002.png in Resources */,
				96DDF7F128A7C18A002EE9E8 /* Main.storyboard in Resources */,
				96DDF81328A7C219002EE9E8 /* monster010.png in Resources */,
				96DDF81528A7C219002EE9E8 /* monster006.png in Resources */,
				96DDF81228A7C219002EE9E8 /* monster005.png in Resources */,
				96DDF80E28A7C219002EE9E8 /* bg_blue@2x.png in Resources */,
				96DDF81428A7C219002EE9E8 /* monster004.png in Resources */,
			);
			runOnlyForDeploymentPostprocessing = 0;
		};
/* End PBXResourcesBuildPhase section */

/* Begin PBXSourcesBuildPhase section */
		96DDF7E228A7C189002EE9E8 /* Sources */ = {
			isa = PBXSourcesBuildPhase;
			buildActionMask = 2147483647;
			files = (
				96DDF7EE28A7C18A002EE9E8 /* ViewController.swift in Sources */,
				96DDF7EA28A7C189002EE9E8 /* AppDelegate.swift in Sources */,
				96DDF7EC28A7C189002EE9E8 /* SceneDelegate.swift in Sources */,
				96DDF81D28A7C485002EE9E8 /* ResultViewController.swift in Sources */,
			);
			runOnlyForDeploymentPostprocessing = 0;
		};
/* End PBXSourcesBuildPhase section */

/* Begin PBXVariantGroup section */
		96DDF7EF28A7C18A002EE9E8 /* Main.storyboard */ = {
			isa = PBXVariantGroup;
			children = (
				96DDF7F028A7C18A002EE9E8 /* Base */,
			);
			name = Main.storyboard;
			sourceTree = "<group>";
		};
		96DDF7F428A7C18D002EE9E8 /* LaunchScreen.storyboard */ = {
			isa = PBXVariantGroup;
			children = (
				96DDF7F528A7C18D002EE9E8 /* Base */,
			);
			name = LaunchScreen.storyboard;
			sourceTree = "<group>";
		};
/* End PBXVariantGroup section */

/* Begin XCBuildConfiguration section */
		96DDF7F828A7C18D002EE9E8 /* Debug */ = {
			isa = XCBuildConfiguration;
			buildSettings = {
				ALWAYS_SEARCH_USER_PATHS = NO;
				CLANG_ANALYZER_NONNULL = YES;
				CLANG_ANALYZER_NUMBER_OBJECT_CONVERSION = YES_AGGRESSIVE;
				CLANG_CXX_LANGUAGE_STANDARD = "gnu++17";
				CLANG_ENABLE_MODULES = YES;
				CLANG_ENABLE_OBJC_ARC = YES;
				CLANG_ENABLE_OBJC_WEAK = YES;
				CLANG_WARN_BLOCK_CAPTURE_AUTORELEASING = YES;
				CLANG_WARN_BOOL_CONVERSION = YES;
				CLANG_WARN_COMMA = YES;
				CLANG_WARN_CONSTANT_CONVERSION = YES;
				CLANG_WARN_DEPRECATED_OBJC_IMPLEMENTATIONS = YES;
				CLANG_WARN_DIRECT_OBJC_ISA_USAGE = YES_ERROR;
				CLANG_WARN_DOCUMENTATION_COMMENTS = YES;
				CLANG_WARN_EMPTY_BODY = YES;
				CLANG_WARN_ENUM_CONVERSION = YES;
				CLANG_WARN_INFINITE_RECURSION = YES;
				CLANG_WARN_INT_CONVERSION = YES;
				CLANG_WARN_NON_LITERAL_NULL_CONVERSION = YES;
				CLANG_WARN_OBJC_IMPLICIT_RETAIN_SELF = YES;
				CLANG_WARN_OBJC_LITERAL_CONVERSION = YES;
				CLANG_WARN_OBJC_ROOT_CLASS = YES_ERROR;
				CLANG_WARN_QUOTED_INCLUDE_IN_FRAMEWORK_HEADER = YES;
				CLANG_WARN_RANGE_LOOP_ANALYSIS = YES;
				CLANG_WARN_STRICT_PROTOTYPES = YES;
				CLANG_WARN_SUSPICIOUS_MOVE = YES;
				CLANG_WARN_UNGUARDED_AVAILABILITY = YES_AGGRESSIVE;
				CLANG_WARN_UNREACHABLE_CODE = YES;
				CLANG_WARN__DUPLICATE_METHOD_MATCH = YES;
				COPY_PHASE_STRIP = NO;
				DEBUG_INFORMATION_FORMAT = dwarf;
				ENABLE_STRICT_OBJC_MSGSEND = YES;
				ENABLE_TESTABILITY = YES;
				GCC_C_LANGUAGE_STANDARD = gnu11;
				GCC_DYNAMIC_NO_PIC = NO;
				GCC_NO_COMMON_BLOCKS = YES;
				GCC_OPTIMIZATION_LEVEL = 0;
				GCC_PREPROCESSOR_DEFINITIONS = (
					"DEBUG=1",
					"$(inherited)",
				);
				GCC_WARN_64_TO_32_BIT_CONVERSION = YES;
				GCC_WARN_ABOUT_RETURN_TYPE = YES_ERROR;
				GCC_WARN_UNDECLARED_SELECTOR = YES;
				GCC_WARN_UNINITIALIZED_AUTOS = YES_AGGRESSIVE;
				GCC_WARN_UNUSED_FUNCTION = YES;
				GCC_WARN_UNUSED_VARIABLE = YES;
				IPHONEOS_DEPLOYMENT_TARGET = 15.5;
				MTL_ENABLE_DEBUG_INFO = INCLUDE_SOURCE;
				MTL_FAST_MATH = YES;
				ONLY_ACTIVE_ARCH = YES;
				SDKROOT = iphoneos;
				SWIFT_ACTIVE_COMPILATION_CONDITIONS = DEBUG;
				SWIFT_OPTIMIZATION_LEVEL = "-Onone";
			};
			name = Debug;
		};
		96DDF7F928A7C18D002EE9E8 /* Release */ = {
			isa = XCBuildConfiguration;
			buildSettings = {
				ALWAYS_SEARCH_USER_PATHS = NO;
				CLANG_ANALYZER_NONNULL = YES;
				CLANG_ANALYZER_NUMBER_OBJECT_CONVERSION = YES_AGGRESSIVE;
				CLANG_CXX_LANGUAGE_STANDARD = "gnu++17";
				CLANG_ENABLE_MODULES = YES;
				CLANG_ENABLE_OBJC_ARC = YES;
				CLANG_ENABLE_OBJC_WEAK = YES;
				CLANG_WARN_BLOCK_CAPTURE_AUTORELEASING = YES;
				CLANG_WARN_BOOL_CONVERSION = YES;
				CLANG_WARN_COMMA = YES;
				CLANG_WARN_CONSTANT_CONVERSION = YES;
				CLANG_WARN_DEPRECATED_OBJC_IMPLEMENTATIONS = YES;
				CLANG_WARN_DIRECT_OBJC_ISA_USAGE = YES_ERROR;
				CLANG_WARN_DOCUMENTATION_COMMENTS = YES;
				CLANG_WARN_EMPTY_BODY = YES;
				CLANG_WARN_ENUM_CONVERSION = YES;
				CLANG_WARN_INFINITE_RECURSION = YES;
				CLANG_WARN_INT_CONVERSION = YES;
				CLANG_WARN_NON_LITERAL_NULL_CONVERSION = YES;
				CLANG_WARN_OBJC_IMPLICIT_RETAIN_SELF = YES;
				CLANG_WARN_OBJC_LITERAL_CONVERSION = YES;
				CLANG_WARN_OBJC_ROOT_CLASS = YES_ERROR;
				CLANG_WARN_QUOTED_INCLUDE_IN_FRAMEWORK_HEADER = YES;
				CLANG_WARN_RANGE_LOOP_ANALYSIS = YES;
				CLANG_WARN_STRICT_PROTOTYPES = YES;
				CLANG_WARN_SUSPICIOUS_MOVE = YES;
				CLANG_WARN_UNGUARDED_AVAILABILITY = YES_AGGRESSIVE;
				CLANG_WARN_UNREACHABLE_CODE = YES;
				CLANG_WARN__DUPLICATE_METHOD_MATCH = YES;
				COPY_PHASE_STRIP = NO;
				DEBUG_INFORMATION_FORMAT = "dwarf-with-dsym";
				ENABLE_NS_ASSERTIONS = NO;
				ENABLE_STRICT_OBJC_MSGSEND = YES;
				GCC_C_LANGUAGE_STANDARD = gnu11;
				GCC_NO_COMMON_BLOCKS = YES;
				GCC_WARN_64_TO_32_BIT_CONVERSION = YES;
				GCC_WARN_ABOUT_RETURN_TYPE = YES_ERROR;
				GCC_WARN_UNDECLARED_SELECTOR = YES;
				GCC_WARN_UNINITIALIZED_AUTOS = YES_AGGRESSIVE;
				GCC_WARN_UNUSED_FUNCTION = YES;
				GCC_WARN_UNUSED_VARIABLE = YES;
				IPHONEOS_DEPLOYMENT_TARGET = 15.5;
				MTL_ENABLE_DEBUG_INFO = NO;
				MTL_FAST_MATH = YES;
				SDKROOT = iphoneos;
				SWIFT_COMPILATION_MODE = wholemodule;
				SWIFT_OPTIMIZATION_LEVEL = "-O";
				VALIDATE_PRODUCT = YES;
			};
			name = Release;
		};
		96DDF7FB28A7C18D002EE9E8 /* Debug */ = {
			isa = XCBuildConfiguration;
			buildSettings = {
				ASSETCATALOG_COMPILER_APPICON_NAME = AppIcon;
				ASSETCATALOG_COMPILER_GLOBAL_ACCENT_COLOR_NAME = AccentColor;
				CODE_SIGN_STYLE = Automatic;
				CURRENT_PROJECT_VERSION = 1;
				GENERATE_INFOPLIST_FILE = YES;
				INFOPLIST_FILE = Gacha/Info.plist;
				INFOPLIST_KEY_UIApplicationSupportsIndirectInputEvents = YES;
				INFOPLIST_KEY_UILaunchStoryboardName = LaunchScreen;
				INFOPLIST_KEY_UIMainStoryboardFile = Main;
				INFOPLIST_KEY_UISupportedInterfaceOrientations_iPad = "UIInterfaceOrientationPortrait UIInterfaceOrientationPortraitUpsideDown UIInterfaceOrientationLandscapeLeft UIInterfaceOrientationLandscapeRight";
				INFOPLIST_KEY_UISupportedInterfaceOrientations_iPhone = "UIInterfaceOrientationPortrait UIInterfaceOrientationLandscapeLeft UIInterfaceOrientationLandscapeRight";
				LD_RUNPATH_SEARCH_PATHS = (
					"$(inherited)",
					"@executable_path/Frameworks",
				);
				MARKETING_VERSION = 1.0;
				PRODUCT_BUNDLE_IDENTIFIER = app.hori.moat.Gacha;
				PRODUCT_NAME = "$(TARGET_NAME)";
				SWIFT_EMIT_LOC_STRINGS = YES;
				SWIFT_VERSION = 5.0;
				TARGETED_DEVICE_FAMILY = "1,2";
			};
			name = Debug;
		};
		96DDF7FC28A7C18D002EE9E8 /* Release */ = {
			isa = XCBuildConfiguration;
			buildSettings = {
				ASSETCATALOG_COMPILER_APPICON_NAME = AppIcon;
				ASSETCATALOG_COMPILER_GLOBAL_ACCENT_COLOR_NAME = AccentColor;
				CODE_SIGN_STYLE = Automatic;
				CURRENT_PROJECT_VERSION = 1;
				GENERATE_INFOPLIST_FILE = YES;
				INFOPLIST_FILE = Gacha/Info.plist;
				INFOPLIST_KEY_UIApplicationSupportsIndirectInputEvents = YES;
				INFOPLIST_KEY_UILaunchStoryboardName = LaunchScreen;
				INFOPLIST_KEY_UIMainStoryboardFile = Main;
				INFOPLIST_KEY_UISupportedInterfaceOrientations_iPad = "UIInterfaceOrientationPortrait UIInterfaceOrientationPortraitUpsideDown UIInterfaceOrientationLandscapeLeft UIInterfaceOrientationLandscapeRight";
				INFOPLIST_KEY_UISupportedInterfaceOrientations_iPhone = "UIInterfaceOrientationPortrait UIInterfaceOrientationLandscapeLeft UIInterfaceOrientationLandscapeRight";
				LD_RUNPATH_SEARCH_PATHS = (
					"$(inherited)",
					"@executable_path/Frameworks",
				);
				MARKETING_VERSION = 1.0;
				PRODUCT_BUNDLE_IDENTIFIER = app.hori.moat.Gacha;
				PRODUCT_NAME = "$(TARGET_NAME)";
				SWIFT_EMIT_LOC_STRINGS = YES;
				SWIFT_VERSION = 5.0;
				TARGETED_DEVICE_FAMILY = "1,2";
			};
			name = Release;
		};
/* End XCBuildConfiguration section */

/* Begin XCConfigurationList section */
		96DDF7E128A7C189002EE9E8 /* Build configuration list for PBXProject "Gacha" */ = {
			isa = XCConfigurationList;
			buildConfigurations = (
				96DDF7F828A7C18D002EE9E8 /* Debug */,
				96DDF7F928A7C18D002EE9E8 /* Release */,
			);
			defaultConfigurationIsVisible = 0;
			defaultConfigurationName = Release;
		};
		96DDF7FA28A7C18D002EE9E8 /* Build configuration list for PBXNativeTarget "Gacha" */ = {
			isa = XCConfigurationList;
			buildConfigurations = (
				96DDF7FB28A7C18D002EE9E8 /* Debug */,
				96DDF7FC28A7C18D002EE9E8 /* Release */,
			);
			defaultConfigurationIsVisible = 0;
			defaultConfigurationName = Release;
		};
/* End XCConfigurationList section */
	};
	rootObject = 96DDF7DE28A7C189002EE9E8 /* Project object */;
}
